// !$*UTF8*$!
{
	archiveVersion = 1;
	classes = {
	};
	objectVersion = 51;
	objects = {

/* Begin PBXBuildFile section */
		4987FEAD23400E9C003D9BC4 /* AppDelegate.swift in Sources */ = {isa = PBXBuildFile; fileRef = 4987FEAC23400E9C003D9BC4 /* AppDelegate.swift */; };
		4987FEAF23400E9C003D9BC4 /* TodoListViewController.swift in Sources */ = {isa = PBXBuildFile; fileRef = 4987FEAE23400E9C003D9BC4 /* TodoListViewController.swift */; };
		4987FEB223400E9C003D9BC4 /* Main.storyboard in Resources */ = {isa = PBXBuildFile; fileRef = 4987FEB023400E9C003D9BC4 /* Main.storyboard */; };
		4987FEB423400E9F003D9BC4 /* Assets.xcassets in Resources */ = {isa = PBXBuildFile; fileRef = 4987FEB323400E9F003D9BC4 /* Assets.xcassets */; };
		4987FEB723400E9F003D9BC4 /* LaunchScreen.storyboard in Resources */ = {isa = PBXBuildFile; fileRef = 4987FEB523400E9F003D9BC4 /* LaunchScreen.storyboard */; };
		49B267BB2349499C000E59F6 /* CategoryViewController.swift in Sources */ = {isa = PBXBuildFile; fileRef = 49B267BA2349499C000E59F6 /* CategoryViewController.swift */; };
		49B9A94A234D408E00020774 /* Item.swift in Sources */ = {isa = PBXBuildFile; fileRef = 49B9A949234D408E00020774 /* Item.swift */; };
		49B9A94C234D409E00020774 /* Category.swift in Sources */ = {isa = PBXBuildFile; fileRef = 49B9A94B234D409E00020774 /* Category.swift */; };
		49EDE0D3234E9CFD00167929 /* SwipeTableViewController.swift in Sources */ = {isa = PBXBuildFile; fileRef = 49EDE0D2234E9CFD00167929 /* SwipeTableViewController.swift */; };
		5961E906DD63210A1FE3209B /* Pods_Todoey.framework in Frameworks */ = {isa = PBXBuildFile; fileRef = 63ECAA100BF9A3EF67453618 /* Pods_Todoey.framework */; };
/* End PBXBuildFile section */

/* Begin PBXFileReference section */
		4987FEA923400E9C003D9BC4 /* Todoey.app */ = {isa = PBXFileReference; explicitFileType = wrapper.application; includeInIndex = 0; path = Todoey.app; sourceTree = BUILT_PRODUCTS_DIR; };
		4987FEAC23400E9C003D9BC4 /* AppDelegate.swift */ = {isa = PBXFileReference; lastKnownFileType = sourcecode.swift; path = AppDelegate.swift; sourceTree = "<group>"; };
		4987FEAE23400E9C003D9BC4 /* TodoListViewController.swift */ = {isa = PBXFileReference; lastKnownFileType = sourcecode.swift; path = TodoListViewController.swift; sourceTree = "<group>"; };
		4987FEB123400E9C003D9BC4 /* Base */ = {isa = PBXFileReference; lastKnownFileType = file.storyboard; name = Base; path = Base.lproj/Main.storyboard; sourceTree = "<group>"; };
		4987FEB323400E9F003D9BC4 /* Assets.xcassets */ = {isa = PBXFileReference; lastKnownFileType = folder.assetcatalog; path = Assets.xcassets; sourceTree = "<group>"; };
		4987FEB623400E9F003D9BC4 /* Base */ = {isa = PBXFileReference; lastKnownFileType = file.storyboard; name = Base; path = Base.lproj/LaunchScreen.storyboard; sourceTree = "<group>"; };
		4987FEB823400E9F003D9BC4 /* Info.plist */ = {isa = PBXFileReference; lastKnownFileType = text.plist.xml; path = Info.plist; sourceTree = "<group>"; };
		49B267BA2349499C000E59F6 /* CategoryViewController.swift */ = {isa = PBXFileReference; lastKnownFileType = sourcecode.swift; path = CategoryViewController.swift; sourceTree = "<group>"; };
		49B9A949234D408E00020774 /* Item.swift */ = {isa = PBXFileReference; lastKnownFileType = sourcecode.swift; path = Item.swift; sourceTree = "<group>"; };
		49B9A94B234D409E00020774 /* Category.swift */ = {isa = PBXFileReference; lastKnownFileType = sourcecode.swift; path = Category.swift; sourceTree = "<group>"; };
		49EDE0D2234E9CFD00167929 /* SwipeTableViewController.swift */ = {isa = PBXFileReference; lastKnownFileType = sourcecode.swift; path = SwipeTableViewController.swift; sourceTree = "<group>"; };
		63ECAA100BF9A3EF67453618 /* Pods_Todoey.framework */ = {isa = PBXFileReference; explicitFileType = wrapper.framework; includeInIndex = 0; path = Pods_Todoey.framework; sourceTree = BUILT_PRODUCTS_DIR; };
		CF65027CD698D0FDADA17882 /* Pods-Todoey.release.xcconfig */ = {isa = PBXFileReference; includeInIndex = 1; lastKnownFileType = text.xcconfig; name = "Pods-Todoey.release.xcconfig"; path = "Target Support Files/Pods-Todoey/Pods-Todoey.release.xcconfig"; sourceTree = "<group>"; };
		D7B251F3ACF7863BB1D415F2 /* Pods-Todoey.debug.xcconfig */ = {isa = PBXFileReference; includeInIndex = 1; lastKnownFileType = text.xcconfig; name = "Pods-Todoey.debug.xcconfig"; path = "Target Support Files/Pods-Todoey/Pods-Todoey.debug.xcconfig"; sourceTree = "<group>"; };
/* End PBXFileReference section */

/* Begin PBXFrameworksBuildPhase section */
		4987FEA623400E9C003D9BC4 /* Frameworks */ = {
			isa = PBXFrameworksBuildPhase;
			buildActionMask = 2147483647;
			files = (
				5961E906DD63210A1FE3209B /* Pods_Todoey.framework in Frameworks */,
			);
			runOnlyForDeploymentPostprocessing = 0;
		};
/* End PBXFrameworksBuildPhase section */

/* Begin PBXGroup section */
		0E83F2E6CEEB1612B136183C /* Pods */ = {
			isa = PBXGroup;
			children = (
				D7B251F3ACF7863BB1D415F2 /* Pods-Todoey.debug.xcconfig */,
				CF65027CD698D0FDADA17882 /* Pods-Todoey.release.xcconfig */,
			);
			path = Pods;
			sourceTree = "<group>";
		};
		4987FEA023400E9C003D9BC4 = {
			isa = PBXGroup;
			children = (
				4987FEAB23400E9C003D9BC4 /* Todoey */,
				4987FEAA23400E9C003D9BC4 /* Products */,
				0E83F2E6CEEB1612B136183C /* Pods */,
				7A40E65C93737EA37D9D69AB /* Frameworks */,
			);
			sourceTree = "<group>";
		};
		4987FEAA23400E9C003D9BC4 /* Products */ = {
			isa = PBXGroup;
			children = (
				4987FEA923400E9C003D9BC4 /* Todoey.app */,
			);
			name = Products;
			sourceTree = "<group>";
		};
		4987FEAB23400E9C003D9BC4 /* Todoey */ = {
			isa = PBXGroup;
			children = (
				4987FEAC23400E9C003D9BC4 /* AppDelegate.swift */,
				49FFFCD8234283E900975EAD /* Model */,
				49FFFCDA2342841C00975EAD /* View */,
				49FFFCD92342840700975EAD /* Controller */,
				49FFFCDB2342843E00975EAD /* Support */,
				4987FEB823400E9F003D9BC4 /* Info.plist */,
			);
			path = Todoey;
			sourceTree = "<group>";
		};
		49FFFCD8234283E900975EAD /* Model */ = {
			isa = PBXGroup;
			children = (
				49B9A94B234D409E00020774 /* Category.swift */,
				49B9A949234D408E00020774 /* Item.swift */,
			);
			path = Model;
			sourceTree = "<group>";
		};
		49FFFCD92342840700975EAD /* Controller */ = {
			isa = PBXGroup;
			children = (
				49B267BA2349499C000E59F6 /* CategoryViewController.swift */,
				4987FEAE23400E9C003D9BC4 /* TodoListViewController.swift */,
				49EDE0D2234E9CFD00167929 /* SwipeTableViewController.swift */,
			);
			path = Controller;
			sourceTree = "<group>";
		};
		49FFFCDA2342841C00975EAD /* View */ = {
			isa = PBXGroup;
			children = (
				4987FEB023400E9C003D9BC4 /* Main.storyboard */,
			);
			path = View;
			sourceTree = "<group>";
		};
		49FFFCDB2342843E00975EAD /* Support */ = {
			isa = PBXGroup;
			children = (
				4987FEB523400E9F003D9BC4 /* LaunchScreen.storyboard */,
				4987FEB323400E9F003D9BC4 /* Assets.xcassets */,
			);
			path = Support;
			sourceTree = "<group>";
		};
		7A40E65C93737EA37D9D69AB /* Frameworks */ = {
			isa = PBXGroup;
			children = (
				63ECAA100BF9A3EF67453618 /* Pods_Todoey.framework */,
			);
			name = Frameworks;
			sourceTree = "<group>";
		};
/* End PBXGroup section */

/* Begin PBXNativeTarget section */
		4987FEA823400E9C003D9BC4 /* Todoey */ = {
			isa = PBXNativeTarget;
			buildConfigurationList = 4987FEBB23400E9F003D9BC4 /* Build configuration list for PBXNativeTarget "Todoey" */;
			buildPhases = (
				8D89F615393EBFC3D85FBA9D /* [CP] Check Pods Manifest.lock */,
				4987FEA523400E9C003D9BC4 /* Sources */,
				4987FEA623400E9C003D9BC4 /* Frameworks */,
				4987FEA723400E9C003D9BC4 /* Resources */,
				68DF7C90B8C7317C748FDE07 /* [CP] Embed Pods Frameworks */,
			);
			buildRules = (
			);
			dependencies = (
			);
			name = Todoey;
			productName = Todoey;
			productReference = 4987FEA923400E9C003D9BC4 /* Todoey.app */;
			productType = "com.apple.product-type.application";
		};
/* End PBXNativeTarget section */

/* Begin PBXProject section */
		4987FEA123400E9C003D9BC4 /* Project object */ = {
			isa = PBXProject;
			attributes = {
				LastSwiftUpdateCheck = 1030;
				LastUpgradeCheck = 1030;
				ORGANIZATIONNAME = "Nathaniel Tucker";
				TargetAttributes = {
					4987FEA823400E9C003D9BC4 = {
						CreatedOnToolsVersion = 10.3;
					};
				};
			};
			buildConfigurationList = 4987FEA423400E9C003D9BC4 /* Build configuration list for PBXProject "Todoey" */;
			compatibilityVersion = "Xcode 9.3";
			developmentRegion = en;
			hasScannedForEncodings = 0;
			knownRegions = (
				en,
				Base,
			);
			mainGroup = 4987FEA023400E9C003D9BC4;
			productRefGroup = 4987FEAA23400E9C003D9BC4 /* Products */;
			projectDirPath = "";
			projectRoot = "";
			targets = (
				4987FEA823400E9C003D9BC4 /* Todoey */,
			);
		};
/* End PBXProject section */

/* Begin PBXResourcesBuildPhase section */
		4987FEA723400E9C003D9BC4 /* Resources */ = {
			isa = PBXResourcesBuildPhase;
			buildActionMask = 2147483647;
			files = (
				4987FEB723400E9F003D9BC4 /* LaunchScreen.storyboard in Resources */,
				4987FEB423400E9F003D9BC4 /* Assets.xcassets in Resources */,
				4987FEB223400E9C003D9BC4 /* Main.storyboard in Resources */,
			);
			runOnlyForDeploymentPostprocessing = 0;
		};
/* End PBXResourcesBuildPhase section */

/* Begin PBXShellScriptBuildPhase section */
		68DF7C90B8C7317C748FDE07 /* [CP] Embed Pods Frameworks */ = {
			isa = PBXShellScriptBuildPhase;
			buildActionMask = 2147483647;
			files = (
			);
			inputFileListPaths = (
				"${PODS_ROOT}/Target Support Files/Pods-Todoey/Pods-Todoey-frameworks-${CONFIGURATION}-input-files.xcfilelist",
			);
			name = "[CP] Embed Pods Frameworks";
			outputFileListPaths = (
				"${PODS_ROOT}/Target Support Files/Pods-Todoey/Pods-Todoey-frameworks-${CONFIGURATION}-output-files.xcfilelist",
			);
			runOnlyForDeploymentPostprocessing = 0;
			shellPath = /bin/sh;
			shellScript = "\"${PODS_ROOT}/Target Support Files/Pods-Todoey/Pods-Todoey-frameworks.sh\"\n";
			showEnvVarsInLog = 0;
		};
		8D89F615393EBFC3D85FBA9D /* [CP] Check Pods Manifest.lock */ = {
			isa = PBXShellScriptBuildPhase;
			buildActionMask = 2147483647;
			files = (
			);
			inputFileListPaths = (
			);
			inputPaths = (
				"${PODS_PODFILE_DIR_PATH}/Podfile.lock",
				"${PODS_ROOT}/Manifest.lock",
			);
			name = "[CP] Check Pods Manifest.lock";
			outputFileListPaths = (
			);
			outputPaths = (
				"$(DERIVED_FILE_DIR)/Pods-Todoey-checkManifestLockResult.txt",
			);
			runOnlyForDeploymentPostprocessing = 0;
			shellPath = /bin/sh;
			shellScript = "diff \"${PODS_PODFILE_DIR_PATH}/Podfile.lock\" \"${PODS_ROOT}/Manifest.lock\" > /dev/null\nif [ $? != 0 ] ; then\n    # print error to STDERR\n    echo \"error: The sandbox is not in sync with the Podfile.lock. Run 'pod install' or update your CocoaPods installation.\" >&2\n    exit 1\nfi\n# This output is used by Xcode 'outputs' to avoid re-running this script phase.\necho \"SUCCESS\" > \"${SCRIPT_OUTPUT_FILE_0}\"\n";
			showEnvVarsInLog = 0;
		};
/* End PBXShellScriptBuildPhase section */

/* Begin PBXSourcesBuildPhase section */
		4987FEA523400E9C003D9BC4 /* Sources */ = {
			isa = PBXSourcesBuildPhase;
			buildActionMask = 2147483647;
			files = (
				49B9A94A234D408E00020774 /* Item.swift in Sources */,
				49B9A94C234D409E00020774 /* Category.swift in Sources */,
				49B267BB2349499C000E59F6 /* CategoryViewController.swift in Sources */,
				4987FEAF23400E9C003D9BC4 /* TodoListViewController.swift in Sources */,
				49EDE0D3234E9CFD00167929 /* SwipeTableViewController.swift in Sources */,
				4987FEAD23400E9C003D9BC4 /* AppDelegate.swift in Sources */,
			);
			runOnlyForDeploymentPostprocessing = 0;
		};
/* End PBXSourcesBuildPhase section */

/* Begin PBXVariantGroup section */
		4987FEB023400E9C003D9BC4 /* Main.storyboard */ = {
			isa = PBXVariantGroup;
			children = (
				4987FEB123400E9C003D9BC4 /* Base */,
			);
			name = Main.storyboard;
			sourceTree = "<group>";
		};
		4987FEB523400E9F003D9BC4 /* LaunchScreen.storyboard */ = {
			isa = PBXVariantGroup;
			children = (
				4987FEB623400E9F003D9BC4 /* Base */,
			);
			name = LaunchScreen.storyboard;
			sourceTree = "<group>";
		};
/* End PBXVariantGroup section */

/* Begin XCBuildConfiguration section */
		4987FEB923400E9F003D9BC4 /* Debug */ = {
			isa = XCBuildConfiguration;
			buildSettings = {
				ALWAYS_SEARCH_USER_PATHS = NO;
				CLANG_ANALYZER_NONNULL = YES;
				CLANG_ANALYZER_NUMBER_OBJECT_CONVERSION = YES_AGGRESSIVE;
				CLANG_CXX_LANGUAGE_STANDARD = "gnu++14";
				CLANG_CXX_LIBRARY = "libc++";
				CLANG_ENABLE_MODULES = YES;
				CLANG_ENABLE_OBJC_ARC = YES;
				CLANG_ENABLE_OBJC_WEAK = YES;
				CLANG_WARN_BLOCK_CAPTURE_AUTORELEASING = YES;
				CLANG_WARN_BOOL_CONVERSION = YES;
				CLANG_WARN_COMMA = YES;
				CLANG_WARN_CONSTANT_CONVERSION = YES;
				CLANG_WARN_DEPRECATED_OBJC_IMPLEMENTATIONS = YES;
				CLANG_WARN_DIRECT_OBJC_ISA_USAGE = YES_ERROR;
				CLANG_WARN_DOCUMENTATION_COMMENTS = YES;
				CLANG_WARN_EMPTY_BODY = YES;
				CLANG_WARN_ENUM_CONVERSION = YES;
				CLANG_WARN_INFINITE_RECURSION = YES;
				CLANG_WARN_INT_CONVERSION = YES;
				CLANG_WARN_NON_LITERAL_NULL_CONVERSION = YES;
				CLANG_WARN_OBJC_IMPLICIT_RETAIN_SELF = YES;
				CLANG_WARN_OBJC_LITERAL_CONVERSION = YES;
				CLANG_WARN_OBJC_ROOT_CLASS = YES_ERROR;
				CLANG_WARN_RANGE_LOOP_ANALYSIS = YES;
				CLANG_WARN_STRICT_PROTOTYPES = YES;
				CLANG_WARN_SUSPICIOUS_MOVE = YES;
				CLANG_WARN_UNGUARDED_AVAILABILITY = YES_AGGRESSIVE;
				CLANG_WARN_UNREACHABLE_CODE = YES;
				CLANG_WARN__DUPLICATE_METHOD_MATCH = YES;
				CODE_SIGN_IDENTITY = "iPhone Developer";
				COPY_PHASE_STRIP = NO;
				DEBUG_INFORMATION_FORMAT = dwarf;
				ENABLE_STRICT_OBJC_MSGSEND = YES;
				ENABLE_TESTABILITY = YES;
				GCC_C_LANGUAGE_STANDARD = gnu11;
				GCC_DYNAMIC_NO_PIC = NO;
				GCC_NO_COMMON_BLOCKS = YES;
				GCC_OPTIMIZATION_LEVEL = 0;
				GCC_PREPROCESSOR_DEFINITIONS = (
					"DEBUG=1",
					"$(inherited)",
				);
				GCC_WARN_64_TO_32_BIT_CONVERSION = YES;
				GCC_WARN_ABOUT_RETURN_TYPE = YES_ERROR;
				GCC_WARN_UNDECLARED_SELECTOR = YES;
				GCC_WARN_UNINITIALIZED_AUTOS = YES_AGGRESSIVE;
				GCC_WARN_UNUSED_FUNCTION = YES;
				GCC_WARN_UNUSED_VARIABLE = YES;
				IPHONEOS_DEPLOYMENT_TARGET = 12.4;
				MTL_ENABLE_DEBUG_INFO = INCLUDE_SOURCE;
				MTL_FAST_MATH = YES;
				ONLY_ACTIVE_ARCH = YES;
				SDKROOT = iphoneos;
				SWIFT_ACTIVE_COMPILATION_CONDITIONS = DEBUG;
				SWIFT_OPTIMIZATION_LEVEL = "-Onone";
			};
			name = Debug;
		};
		4987FEBA23400E9F003D9BC4 /* Release */ = {
			isa = XCBuildConfiguration;
			buildSettings = {
				ALWAYS_SEARCH_USER_PATHS = NO;
				CLANG_ANALYZER_NONNULL = YES;
				CLANG_ANALYZER_NUMBER_OBJECT_CONVERSION = YES_AGGRESSIVE;
				CLANG_CXX_LANGUAGE_STANDARD = "gnu++14";
				CLANG_CXX_LIBRARY = "libc++";
				CLANG_ENABLE_MODULES = YES;
				CLANG_ENABLE_OBJC_ARC = YES;
				CLANG_ENABLE_OBJC_WEAK = YES;
				CLANG_WARN_BLOCK_CAPTURE_AUTORELEASING = YES;
				CLANG_WARN_BOOL_CONVERSION = YES;
				CLANG_WARN_COMMA = YES;
				CLANG_WARN_CONSTANT_CONVERSION = YES;
				CLANG_WARN_DEPRECATED_OBJC_IMPLEMENTATIONS = YES;
				CLANG_WARN_DIRECT_OBJC_ISA_USAGE = YES_ERROR;
				CLANG_WARN_DOCUMENTATION_COMMENTS = YES;
				CLANG_WARN_EMPTY_BODY = YES;
				CLANG_WARN_ENUM_CONVERSION = YES;
				CLANG_WARN_INFINITE_RECURSION = YES;
				CLANG_WARN_INT_CONVERSION = YES;
				CLANG_WARN_NON_LITERAL_NULL_CONVERSION = YES;
				CLANG_WARN_OBJC_IMPLICIT_RETAIN_SELF = YES;
				CLANG_WARN_OBJC_LITERAL_CONVERSION = YES;
				CLANG_WARN_OBJC_ROOT_CLASS = YES_ERROR;
				CLANG_WARN_RANGE_LOOP_ANALYSIS = YES;
				CLANG_WARN_STRICT_PROTOTYPES = YES;
				CLANG_WARN_SUSPICIOUS_MOVE = YES;
				CLANG_WARN_UNGUARDED_AVAILABILITY = YES_AGGRESSIVE;
				CLANG_WARN_UNREACHABLE_CODE = YES;
				CLANG_WARN__DUPLICATE_METHOD_MATCH = YES;
				CODE_SIGN_IDENTITY = "iPhone Developer";
				COPY_PHASE_STRIP = NO;
				DEBUG_INFORMATION_FORMAT = "dwarf-with-dsym";
				ENABLE_NS_ASSERTIONS = NO;
				ENABLE_STRICT_OBJC_MSGSEND = YES;
				GCC_C_LANGUAGE_STANDARD = gnu11;
				GCC_NO_COMMON_BLOCKS = YES;
				GCC_WARN_64_TO_32_BIT_CONVERSION = YES;
				GCC_WARN_ABOUT_RETURN_TYPE = YES_ERROR;
				GCC_WARN_UNDECLARED_SELECTOR = YES;
				GCC_WARN_UNINITIALIZED_AUTOS = YES_AGGRESSIVE;
				GCC_WARN_UNUSED_FUNCTION = YES;
				GCC_WARN_UNUSED_VARIABLE = YES;
				IPHONEOS_DEPLOYMENT_TARGET = 12.4;
				MTL_ENABLE_DEBUG_INFO = NO;
				MTL_FAST_MATH = YES;
				SDKROOT = iphoneos;
				SWIFT_COMPILATION_MODE = wholemodule;
				SWIFT_OPTIMIZATION_LEVEL = "-O";
				VALIDATE_PRODUCT = YES;
			};
			name = Release;
		};
		4987FEBC23400E9F003D9BC4 /* Debug */ = {
			isa = XCBuildConfiguration;
			baseConfigurationReference = D7B251F3ACF7863BB1D415F2 /* Pods-Todoey.debug.xcconfig */;
			buildSettings = {
				ASSETCATALOG_COMPILER_APPICON_NAME = AppIcon;
				CODE_SIGN_STYLE = Automatic;
				DEVELOPMENT_TEAM = K3WM6E8CAR;
				INFOPLIST_FILE = Todoey/Info.plist;
				LD_RUNPATH_SEARCH_PATHS = (
					"$(inherited)",
					"@executable_path/Frameworks",
				);
				PRODUCT_BUNDLE_IDENTIFIER = com.PheonixProject.Todoey;
				PRODUCT_NAME = "$(TARGET_NAME)";
				SWIFT_VERSION = 5.0;
				TARGETED_DEVICE_FAMILY = "1,2";
			};
			name = Debug;
		};
		4987FEBD23400E9F003D9BC4 /* Release */ = {
			isa = XCBuildConfiguration;
			baseConfigurationReference = CF65027CD698D0FDADA17882 /* Pods-Todoey.release.xcconfig */;
			buildSettings = {
				ASSETCATALOG_COMPILER_APPICON_NAME = AppIcon;
				CODE_SIGN_STYLE = Automatic;
				DEVELOPMENT_TEAM = K3WM6E8CAR;
				INFOPLIST_FILE = Todoey/Info.plist;
				LD_RUNPATH_SEARCH_PATHS = (
					"$(inherited)",
					"@executable_path/Frameworks",
				);
				PRODUCT_BUNDLE_IDENTIFIER = com.PheonixProject.Todoey;
				PRODUCT_NAME = "$(TARGET_NAME)";
				SWIFT_VERSION = 5.0;
				TARGETED_DEVICE_FAMILY = "1,2";
			};
			name = Release;
		};
/* End XCBuildConfiguration section */

/* Begin XCConfigurationList section */
		4987FEA423400E9C003D9BC4 /* Build configuration list for PBXProject "Todoey" */ = {
			isa = XCConfigurationList;
			buildConfigurations = (
				4987FEB923400E9F003D9BC4 /* Debug */,
				4987FEBA23400E9F003D9BC4 /* Release */,
			);
			defaultConfigurationIsVisible = 0;
			defaultConfigurationName = Release;
		};
		4987FEBB23400E9F003D9BC4 /* Build configuration list for PBXNativeTarget "Todoey" */ = {
			isa = XCConfigurationList;
			buildConfigurations = (
				4987FEBC23400E9F003D9BC4 /* Debug */,
				4987FEBD23400E9F003D9BC4 /* Release */,
			);
			defaultConfigurationIsVisible = 0;
			defaultConfigurationName = Release;
		};
/* End XCConfigurationList section */
	};
	rootObject = 4987FEA123400E9C003D9BC4 /* Project object */;
}
